
Microsoft Visual Studio Solution File, Format Version 12.00
# Visual Studio Version 17
VisualStudioVersion = 17.5.002.0
MinimumVisualStudioVersion = 10.0.40219.1
Project("{9A19103F-16F7-4668-BE54-9A1E7A4F7556}") = "HoneyRaesAPI", "HoneyRaesAPI.csproj", "{C4A4CAA5-8C1D-4359-9998-E44CB31ED708}"
EndProject
Global
	GlobalSection(SolutionConfigurationPlatforms) = preSolution
		Debug|Any CPU = Debug|Any CPU
		Release|Any CPU = Release|Any CPU
	EndGlobalSection
	GlobalSection(ProjectConfigurationPlatforms) = postSolution
		{C4A4CAA5-8C1D-4359-9998-E44CB31ED708}.Debug|Any CPU.ActiveCfg = Debug|Any CPU
		{C4A4CAA5-8C1D-4359-9998-E44CB31ED708}.Debug|Any CPU.Build.0 = Debug|Any CPU
		{C4A4CAA5-8C1D-4359-9998-E44CB31ED708}.Release|Any CPU.ActiveCfg = Release|Any CPU
		{C4A4CAA5-8C1D-4359-9998-E44CB31ED708}.Release|Any CPU.Build.0 = Release|Any CPU
	EndGlobalSection
	GlobalSection(SolutionProperties) = preSolution
		HideSolutionNode = FALSE
	EndGlobalSection
	GlobalSection(ExtensibilityGlobals) = postSolution
		SolutionGuid = {BE85DA46-496B-4BE7-B8B0-A421A8E6E240}
	EndGlobalSection
EndGlobal
