
Microsoft Visual Studio Solution File, Format Version 12.00
# Visual Studio Version 17
VisualStudioVersion = 17.5.002.0
MinimumVisualStudioVersion = 10.0.40219.1
Project("{9A19103F-16F7-4668-BE54-9A1E7A4F7556}") = "CreekRiver", "CreekRiver.csproj", "{A8F2CC24-68FE-4F39-BB9C-DE430E0BE786}"
EndProject
Global
	GlobalSection(SolutionConfigurationPlatforms) = preSolution
		Debug|Any CPU = Debug|Any CPU
		Release|Any CPU = Release|Any CPU
	EndGlobalSection
	GlobalSection(ProjectConfigurationPlatforms) = postSolution
		{A8F2CC24-68FE-4F39-BB9C-DE430E0BE786}.Debug|Any CPU.ActiveCfg = Debug|Any CPU
		{A8F2CC24-68FE-4F39-BB9C-DE430E0BE786}.Debug|Any CPU.Build.0 = Debug|Any CPU
		{A8F2CC24-68FE-4F39-BB9C-DE430E0BE786}.Release|Any CPU.ActiveCfg = Release|Any CPU
		{A8F2CC24-68FE-4F39-BB9C-DE430E0BE786}.Release|Any CPU.Build.0 = Release|Any CPU
	EndGlobalSection
	GlobalSection(SolutionProperties) = preSolution
		HideSolutionNode = FALSE
	EndGlobalSection
	GlobalSection(ExtensibilityGlobals) = postSolution
		SolutionGuid = {F648354C-2FAA-4FB7-8CE2-5EBD7BA86F7B}
	EndGlobalSection
EndGlobal
